
Microsoft Visual Studio Solution File, Format Version 12.00
# Visual Studio Version 16
VisualStudioVersion = 16.0.28803.352
MinimumVisualStudioVersion = 10.0.40219.1
Project("{9A19103F-16F7-4668-BE54-9A1E7A4F7556}") = "fCoreConsoleAzureStorage", "fCoreConsoleAzureStorage.csproj", "{8B88EAB4-3FC0-4AA9-95BA-D56AC5FF38C4}"
EndProject
Project("{9A19103F-16F7-4668-BE54-9A1E7A4F7556}") = "fAzureHelper", "..\..\fAzureHelper\fAzureHelper.csproj", "{0BA23315-7C39-4E28-B07B-B6677A566301}"
EndProject
Global
	GlobalSection(SolutionConfigurationPlatforms) = preSolution
		Debug|Any CPU = Debug|Any CPU
		Release|Any CPU = Release|Any CPU
	EndGlobalSection
	GlobalSection(ProjectConfigurationPlatforms) = postSolution
		{8B88EAB4-3FC0-4AA9-95BA-D56AC5FF38C4}.Debug|Any CPU.ActiveCfg = Debug|Any CPU
		{8B88EAB4-3FC0-4AA9-95BA-D56AC5FF38C4}.Debug|Any CPU.Build.0 = Debug|Any CPU
		{8B88EAB4-3FC0-4AA9-95BA-D56AC5FF38C4}.Release|Any CPU.ActiveCfg = Release|Any CPU
		{8B88EAB4-3FC0-4AA9-95BA-D56AC5FF38C4}.Release|Any CPU.Build.0 = Release|Any CPU
		{0BA23315-7C39-4E28-B07B-B6677A566301}.Debug|Any CPU.ActiveCfg = Debug|Any CPU
		{0BA23315-7C39-4E28-B07B-B6677A566301}.Debug|Any CPU.Build.0 = Debug|Any CPU
		{0BA23315-7C39-4E28-B07B-B6677A566301}.Release|Any CPU.ActiveCfg = Release|Any CPU
		{0BA23315-7C39-4E28-B07B-B6677A566301}.Release|Any CPU.Build.0 = Release|Any CPU
	EndGlobalSection
	GlobalSection(SolutionProperties) = preSolution
		HideSolutionNode = FALSE
	EndGlobalSection
	GlobalSection(ExtensibilityGlobals) = postSolution
		SolutionGuid = {CD5F014A-D476-4387-B3AF-0EA817ADF500}
	EndGlobalSection
EndGlobal
